{
  "name": "I-Am-Scientist",
  "lockfileVersion": 3,
  "requires": true,
  "packages": {
    "": {
      "dependencies": {
        "@fontsource/el-messiri": "^5.1.0",
        "@fontsource/poppins": "^5.1.0"
      }
    },
    "node_modules/@fontsource/el-messiri": {
      "version": "5.1.0",
      "resolved": "https://registry.npmjs.org/@fontsource/el-messiri/-/el-messiri-5.1.0.tgz",
      "integrity": "sha512-MRelU7Ea/OJgTruJQhrnQ4GRJ3Bbuj8/jA4kEuKN958oIEZa0aV9F7Px7mAyOcmFmRzsaai4WhgcCQuGyxQVSA==",
      "license": "OFL-1.1"
    },
    "node_modules/@fontsource/poppins": {
      "version": "5.1.0",
      "resolved": "https://registry.npmjs.org/@fontsource/poppins/-/poppins-5.1.0.tgz",
      "integrity": "sha512-tpLXlnNi2fwQjiipvuj4uNFHCdoLA8izRsKdoexZuEzjx0r/g1aKLf4ta6lFgF7L+/+AFdmaXFlUwwvmDzYH+g==",
      "license": "OFL-1.1"
    }
  }
}
